
Microsoft Visual Studio Solution File, Format Version 12.00
# Visual Studio Version 17
VisualStudioVersion = 17.3.32901.215
MinimumVisualStudioVersion = 10.0.40219.1
Project("{9A19103F-16F7-4668-BE54-9A1E7A4F7556}") = "ActualizarCarpeta", "EliminarCarpeta\ActualizarCarpeta.csproj", "{FBE6503E-F71A-487C-B21E-432F7BEAE53B}"
EndProject
Global
	GlobalSection(SolutionConfigurationPlatforms) = preSolution
		Debug|Any CPU = Debug|Any CPU
		Release|Any CPU = Release|Any CPU
	EndGlobalSection
	GlobalSection(ProjectConfigurationPlatforms) = postSolution
		{FBE6503E-F71A-487C-B21E-432F7BEAE53B}.Debug|Any CPU.ActiveCfg = Debug|Any CPU
		{FBE6503E-F71A-487C-B21E-432F7BEAE53B}.Debug|Any CPU.Build.0 = Debug|Any CPU
		{FBE6503E-F71A-487C-B21E-432F7BEAE53B}.Release|Any CPU.ActiveCfg = Release|Any CPU
		{FBE6503E-F71A-487C-B21E-432F7BEAE53B}.Release|Any CPU.Build.0 = Release|Any CPU
	EndGlobalSection
	GlobalSection(SolutionProperties) = preSolution
		HideSolutionNode = FALSE
	EndGlobalSection
	GlobalSection(ExtensibilityGlobals) = postSolution
		SolutionGuid = {4D214D73-128D-4FDC-9B3E-D3EBE405008E}
	EndGlobalSection
EndGlobal
